{
  "projects": [
    {
      "projectId": "77KYUYm9JjmMdtJ5Ckst57",
      "version": "latest",
      "dependencies": {},
      "lang": "ts",
      "fileLocks": [
        {
          "type": "globalVariant",
          "assetId": "Q-h0UCDNSbyLSQ",
          "checksum": "7b6e2e00cd857c80276a68c51e742fe6"
        },
        {
          "assetId": "77KYUYm9JjmMdtJ5Ckst57",
          "type": "projectCss",
          "checksum": "8a55803144fd0b3f339cbd1e975c1a20"
        },
        {
          "type": "renderModule",
          "assetId": "zFhblmpd5I2OT",
          "checksum": "409c3a2326112d869c09fbe157f51e8e"
        },
        {
          "type": "cssRules",
          "assetId": "zFhblmpd5I2OT",
          "checksum": "409c3a2326112d869c09fbe157f51e8e"
        },
        {
          "type": "renderModule",
          "assetId": "UM7ynOTgdS4aGA",
          "checksum": "9e876279bb23cae1644b1cd126cd0082"
        },
        {
          "type": "cssRules",
          "assetId": "UM7ynOTgdS4aGA",
          "checksum": "9e876279bb23cae1644b1cd126cd0082"
        },
        {
          "type": "renderModule",
          "assetId": "WHKZkoQfDP8713",
          "checksum": "c5ddca6699cd1dd798255fcc94f19a23"
        },
        {
          "type": "cssRules",
          "assetId": "WHKZkoQfDP8713",
          "checksum": "c5ddca6699cd1dd798255fcc94f19a23"
        },
        {
          "type": "renderModule",
          "assetId": "9NYKUsB_MFZ9og",
          "checksum": "bdf58671b878d5fa0f203f28866e8d3e"
        },
        {
          "type": "cssRules",
          "assetId": "9NYKUsB_MFZ9og",
          "checksum": "bdf58671b878d5fa0f203f28866e8d3e"
        },
        {
          "type": "renderModule",
          "assetId": "TjNmJ8EACMI288",
          "checksum": "9d74d08288fae681a97f4223f16c85ff"
        },
        {
          "type": "cssRules",
          "assetId": "TjNmJ8EACMI288",
          "checksum": "9d74d08288fae681a97f4223f16c85ff"
        },
        {
          "type": "renderModule",
          "assetId": "LQDbNqyTI1RvkV",
          "checksum": "7af4908c46ad2fa437bacbcdb1246d34"
        },
        {
          "type": "cssRules",
          "assetId": "LQDbNqyTI1RvkV",
          "checksum": "7af4908c46ad2fa437bacbcdb1246d34"
        },
        {
          "type": "renderModule",
          "assetId": "ZtUpmv_mljRcEB",
          "checksum": "2ccdfc340ed5c65f8bc1abcfa09fcb00"
        },
        {
          "type": "cssRules",
          "assetId": "ZtUpmv_mljRcEB",
          "checksum": "2ccdfc340ed5c65f8bc1abcfa09fcb00"
        },
        {
          "type": "renderModule",
          "assetId": "NcN0Aa5WBeOCIo",
          "checksum": "b4819eb7581e294b8c29212e48e89ef3"
        },
        {
          "type": "cssRules",
          "assetId": "NcN0Aa5WBeOCIo",
          "checksum": "b4819eb7581e294b8c29212e48e89ef3"
        },
        {
          "type": "renderModule",
          "assetId": "6WeUgNWJmzl7rH",
          "checksum": "d8131a960b3d972ba5bf8820aa70b4fc"
        },
        {
          "type": "cssRules",
          "assetId": "6WeUgNWJmzl7rH",
          "checksum": "d8131a960b3d972ba5bf8820aa70b4fc"
        },
        {
          "type": "renderModule",
          "assetId": "IXDCWWj6IE9vKA",
          "checksum": "ad36132be36fc5b67beb4b6234e7853a"
        },
        {
          "type": "cssRules",
          "assetId": "IXDCWWj6IE9vKA",
          "checksum": "ad36132be36fc5b67beb4b6234e7853a"
        },
        {
          "type": "renderModule",
          "assetId": "IiR3jQqv0epaDK",
          "checksum": "3ecf868a62b102656f8f3725c81352aa"
        },
        {
          "type": "cssRules",
          "assetId": "IiR3jQqv0epaDK",
          "checksum": "3ecf868a62b102656f8f3725c81352aa"
        },
        {
          "type": "renderModule",
          "assetId": "eLHgM1HorTA5C3",
          "checksum": "99941f740001c97ee7929ad4ead7f2fd"
        },
        {
          "type": "cssRules",
          "assetId": "eLHgM1HorTA5C3",
          "checksum": "99941f740001c97ee7929ad4ead7f2fd"
        },
        {
          "type": "renderModule",
          "assetId": "cJmcb3Cz1mTXYZ",
          "checksum": "032d8f68ee8631ac1dd394956327f281"
        },
        {
          "type": "cssRules",
          "assetId": "cJmcb3Cz1mTXYZ",
          "checksum": "032d8f68ee8631ac1dd394956327f281"
        },
        {
          "type": "renderModule",
          "assetId": "XJ33jo-z5_QkE5",
          "checksum": "9ec0264ebee89deeaadbf64015217ace"
        },
        {
          "type": "cssRules",
          "assetId": "XJ33jo-z5_QkE5",
          "checksum": "9ec0264ebee89deeaadbf64015217ace"
        },
        {
          "type": "renderModule",
          "assetId": "UN7KXdWhMCaApR",
          "checksum": "b157beecd7bab073a20b61d0e6d230f0"
        },
        {
          "type": "cssRules",
          "assetId": "UN7KXdWhMCaApR",
          "checksum": "b157beecd7bab073a20b61d0e6d230f0"
        },
        {
          "type": "renderModule",
          "assetId": "euzoqoePqSeLwx",
          "checksum": "dbf6fe9e3d3650246a01fd6b6143e9fb"
        },
        {
          "type": "cssRules",
          "assetId": "euzoqoePqSeLwx",
          "checksum": "dbf6fe9e3d3650246a01fd6b6143e9fb"
        },
        {
          "type": "renderModule",
          "assetId": "APCDWXx2Q6o",
          "checksum": "c8b193cf342d3265b70080b1e291a095"
        },
        {
          "type": "cssRules",
          "assetId": "APCDWXx2Q6o",
          "checksum": "c8b193cf342d3265b70080b1e291a095"
        },
        {
          "type": "renderModule",
          "assetId": "VDGf5byMaq6",
          "checksum": "053dfc866a8ba643209268abed7c9cc3"
        },
        {
          "type": "cssRules",
          "assetId": "VDGf5byMaq6",
          "checksum": "053dfc866a8ba643209268abed7c9cc3"
        },
        {
          "type": "renderModule",
          "assetId": "jScPezqJucR",
          "checksum": "66e4ee26dc2af52ca8173ba252b92a4f"
        },
        {
          "type": "cssRules",
          "assetId": "jScPezqJucR",
          "checksum": "66e4ee26dc2af52ca8173ba252b92a4f"
        },
        {
          "type": "renderModule",
          "assetId": "sXfvwMwww7Z",
          "checksum": "a38ca6d293d465ddd38a7a5b1814c8c9"
        },
        {
          "type": "cssRules",
          "assetId": "sXfvwMwww7Z",
          "checksum": "a38ca6d293d465ddd38a7a5b1814c8c9"
        },
        {
          "type": "renderModule",
          "assetId": "8P7gmc407z9",
          "checksum": "9bc07dfeb89db371ff42545d0d85d3a2"
        },
        {
          "type": "cssRules",
          "assetId": "8P7gmc407z9",
          "checksum": "9bc07dfeb89db371ff42545d0d85d3a2"
        },
        {
          "type": "renderModule",
          "assetId": "C_SAWrOKfED",
          "checksum": "c1f16466b2be263f80148e00bd2b013c"
        },
        {
          "type": "cssRules",
          "assetId": "C_SAWrOKfED",
          "checksum": "c1f16466b2be263f80148e00bd2b013c"
        },
        {
          "type": "icon",
          "assetId": "j6pF-s8fPAPENq",
          "checksum": "e3b6850c88fd0323e1f11febb50790cd"
        },
        {
          "type": "icon",
          "assetId": "CGGBOsPVIftR9u",
          "checksum": "61fb573051a506abba4b624e2f45f412"
        },
        {
          "type": "icon",
          "assetId": "7LzQLzGZ4-1rpI",
          "checksum": "b069cf85db7cd7e3ddf4b816317ca23c"
        },
        {
          "type": "icon",
          "assetId": "BXPJj9tcJiKdn6",
          "checksum": "3052417174e50cdcd2be1d555fec8ff6"
        },
        {
          "type": "icon",
          "assetId": "hzbl2np_5tCeKN",
          "checksum": "a652cf749e0e52515906e287fc50fbcc"
        },
        {
          "type": "icon",
          "assetId": "s2aeMiXbBoZc9B",
          "checksum": "25bb3be93f9b3c2b78c3c421190578b7"
        },
        {
          "type": "icon",
          "assetId": "KeUnhQHf4fnXbd",
          "checksum": "223bd77e8c7c2b6e4165b158b6011c60"
        },
        {
          "type": "icon",
          "assetId": "FgKNw6nvSfXoEx",
          "checksum": "8b1b9e130c7e4f69fb4d9c8f98795d9a"
        },
        {
          "type": "icon",
          "assetId": "N3Q4qxG4dGvc_x",
          "checksum": "1fd88b90923d0b66d194b42f6e1d1582"
        },
        {
          "type": "icon",
          "assetId": "ReWV2gVegjvClb",
          "checksum": "875afe084c37b09fd59eea7cfae58e64"
        },
        {
          "type": "icon",
          "assetId": "Ee4sGqc2aP80wb",
          "checksum": "ecf233017b5ab27af7e9986e2d49c2a5"
        },
        {
          "type": "icon",
          "assetId": "Hw8wN5hfAU9FVf",
          "checksum": "64cdedbc3db7efbcfb51428d22a8e048"
        },
        {
          "type": "icon",
          "assetId": "dwvOkrX0n6DN-m",
          "checksum": "e62d7f41f3158bb2c1ffc543671bccdb"
        },
        {
          "type": "icon",
          "assetId": "iPkVJ_nD-9Imhu",
          "checksum": "4730cf628de048debd51526cf45c6f0f"
        },
        {
          "type": "icon",
          "assetId": "kKPr-GMhpvdeEA",
          "checksum": "1d63a5c30096e5a9e630fe2d61d42282"
        },
        {
          "type": "icon",
          "assetId": "v6ImPWhUcP_HTu",
          "checksum": "b431def5d1abbb1528348cfa53ac1d58"
        },
        {
          "type": "icon",
          "assetId": "8VFc60O2Dv0AwF",
          "checksum": "087916fc22807c4adbcf8bcd8664e3a0"
        },
        {
          "type": "icon",
          "assetId": "PproFsRKbq",
          "checksum": "add69deac9a735cb42b2868f7b032a06"
        },
        {
          "type": "icon",
          "assetId": "DoXit-0csz",
          "checksum": "b3966346b4ad98bcdb984140df104ce8"
        },
        {
          "type": "icon",
          "assetId": "kE2tE-N7YrPW",
          "checksum": "80553a003dafd38fe50c6783b120c385"
        },
        {
          "type": "icon",
          "assetId": "omBQi9UVHBa3",
          "checksum": "59c7eb47a1209e0a616d61b7549d1908"
        },
        {
          "type": "icon",
          "assetId": "ojGp-ay3pA0J",
          "checksum": "8c9fadebb46493609c5c06ced843c656"
        },
        {
          "type": "icon",
          "assetId": "0wItvkyyYWle",
          "checksum": "33430f3cc752a4d96f4f576d2c65578d"
        },
        {
          "type": "icon",
          "assetId": "Ki2GRQMJeBYT",
          "checksum": "ddc494badea0a3dd8fa8a4044050e5ea"
        },
        {
          "type": "icon",
          "assetId": "dj_wgWaUcylC",
          "checksum": "b9f2771054d631b487c9b1c3b0c885be"
        },
        {
          "type": "icon",
          "assetId": "Hw9hhKCJNssa",
          "checksum": "862687cbade8402302ca3ad3cdf7a697"
        },
        {
          "type": "icon",
          "assetId": "bQiIL0q1Wcuj",
          "checksum": "2a805d6c94f20e2fcfbc8e9851f80940"
        },
        {
          "type": "icon",
          "assetId": "raYy8wwT_-LY",
          "checksum": "79f46a3f67a22ff1c6d6f718a10861e2"
        },
        {
          "type": "icon",
          "assetId": "vM-jiKYootjl",
          "checksum": "02c6b5703cc8bfed57c73ed97fa80ad7"
        },
        {
          "type": "icon",
          "assetId": "RfEwd7BpuEHl",
          "checksum": "45fa6ae452dbf041e23ff88229c6abd9"
        },
        {
          "type": "icon",
          "assetId": "U-7WybzL4izt",
          "checksum": "02433693925b793ba148e5cfb2741166"
        },
        {
          "type": "icon",
          "assetId": "swj1eOSRLQ",
          "checksum": "9dce063a7937ed7fcc48c53d4d1c720b"
        },
        {
          "type": "icon",
          "assetId": "OYKeoEgiaq",
          "checksum": "85105a8a089d09040e7c3f54eb182595"
        },
        {
          "type": "icon",
          "assetId": "tBsQ5mZYlR",
          "checksum": "6afacfe4e9cde87bdd91d927d67ec4b9"
        },
        {
          "type": "icon",
          "assetId": "L__AFzPigP",
          "checksum": "d0e85356f3d0f96f81b3b7c111b28424"
        },
        {
          "type": "icon",
          "assetId": "q-jpBbWamN",
          "checksum": "ac5e2fa093b64054df9b530d0ec6d80f"
        },
        {
          "type": "icon",
          "assetId": "Gqivseucid",
          "checksum": "a47abb3af8e0810d4484642c21bb80d5"
        },
        {
          "type": "icon",
          "assetId": "EgjHaZSX2w",
          "checksum": "8571e5748c67aea79fac6157d3eb89a2"
        },
        {
          "type": "icon",
          "assetId": "uzirSIjHeX",
          "checksum": "9eef5cfc730d91242bdbba66a88d1f27"
        },
        {
          "type": "icon",
          "assetId": "wfhkw7TcV",
          "checksum": "823ab1f736422c8c2e6a22db0a362030"
        },
        {
          "type": "icon",
          "assetId": "_E6xdwLuP3",
          "checksum": "00f39d85b30811409286523ba89368d4"
        },
        {
          "type": "icon",
          "assetId": "B9-b13Tir-",
          "checksum": "da0348802b172f2feb3b3504a5742bbd"
        },
        {
          "type": "icon",
          "assetId": "7DBteKkWLX",
          "checksum": "5d31b99d694a673f79fa2a2b0c6f3087"
        },
        {
          "type": "image",
          "assetId": "snAc4UoAihIiFj",
          "checksum": "e597ec6c033df02f19ea472402403d3c"
        },
        {
          "type": "image",
          "assetId": "fKipbdC9Geg2es",
          "checksum": "1296fe36854aafc96cf6a383089b5f8a"
        },
        {
          "type": "image",
          "assetId": "vU5-T_ntZ3FrNN",
          "checksum": "8e14a2485ffc907b5d59a3f574e14830"
        },
        {
          "type": "image",
          "assetId": "4YOXFxVV-CtQ3f",
          "checksum": "f8021bb41c6f1dc73c638588ec076b82"
        },
        {
          "type": "image",
          "assetId": "OYJpysTU076F6T",
          "checksum": "ddd2a7fb4de90b7bd8f1775933e27a3e"
        },
        {
          "type": "image",
          "assetId": "3kDrmXm0ZOLptC",
          "checksum": "5b62507f82994a96761f0f111ea9f995"
        },
        {
          "type": "image",
          "assetId": "htA4RJkLDzO1nw",
          "checksum": "319a5a3936dce8f8eb2ee64ec73a4807"
        },
        {
          "type": "image",
          "assetId": "H8hgoWTz3yaXDv",
          "checksum": "4bbbc8296fadd6329629d39807389098"
        },
        {
          "type": "image",
          "assetId": "WdXLI-en-lwH_k",
          "checksum": "673fcbc8cc026ed8422495e4be34bc1c"
        },
        {
          "type": "image",
          "assetId": "PzthaXJZYXTh0O",
          "checksum": "dcd1e988ad46a09b9239cefa2c2d011f"
        },
        {
          "type": "image",
          "assetId": "kV7XE9mpWPm7QN",
          "checksum": "540b1d80258e33283854cf73a39bd8b5"
        },
        {
          "type": "image",
          "assetId": "CpGjLXpIGBpzHH",
          "checksum": "534d785061ce574bf6d6dbccac06b511"
        },
        {
          "type": "image",
          "assetId": "nJ8QiZMlWSK1TC",
          "checksum": "1044bfa08ad5b6adb2e5ef59f45f9e80"
        },
        {
          "type": "image",
          "assetId": "nOmY3u2g1dF1C0",
          "checksum": "c9112108eda7efccd7d50bb8f080e52f"
        },
        {
          "type": "image",
          "assetId": "Eku12YarYG6JWx",
          "checksum": "ff775f5350b6230e85e50813ef8b466b"
        },
        {
          "type": "image",
          "assetId": "qzrUgXa9RglbLq",
          "checksum": "b7aacf4215e2a94345b3941611687e22"
        },
        {
          "type": "image",
          "assetId": "Olt0DgwSqX6PHZ",
          "checksum": "52303665723bccbe0a5a7c4b804f74cb"
        },
        {
          "type": "image",
          "assetId": "rsV3JAvO18kPzM",
          "checksum": "1fc03ea39f0ea288e58a498d2a7535eb"
        },
        {
          "type": "image",
          "assetId": "nsTcjYyqLX5cSP",
          "checksum": "4939851e87e70bbdcabcbf1333e882a9"
        },
        {
          "type": "image",
          "assetId": "1LkvQrFETLKH9X",
          "checksum": "6312d2d1c3cb057c35cb487ce526905f"
        },
        {
          "type": "image",
          "assetId": "sQdswdz72",
          "checksum": "17fafde94e62e8228d099cc511db5239"
        },
        {
          "type": "image",
          "assetId": "Rqi3KR6zQ",
          "checksum": "1bbb301225cf3df8f577853fc0a76366"
        },
        {
          "type": "image",
          "assetId": "x-oGFmo1j",
          "checksum": "c3c3c1c021a04ed7a65ac8e74d2e487b"
        },
        {
          "type": "image",
          "assetId": "pvw04lurq",
          "checksum": "3b90a30646307136fe43187757f5ed45"
        },
        {
          "type": "image",
          "assetId": "5PIdERru1jzx",
          "checksum": "ee62753b7ee203762381b872104c1427"
        },
        {
          "type": "image",
          "assetId": "xEd6f1IU3P-E",
          "checksum": "2d3e01771c41b905f11687e55784d65d"
        },
        {
          "type": "image",
          "assetId": "tNWjUBV9DSD-",
          "checksum": "ab66dae46e54419cc81f9814d1e22499"
        },
        {
          "type": "image",
          "assetId": "9Gk1uZ3epuAZ",
          "checksum": "5a969f502c274fc0d790379af00b5936"
        },
        {
          "type": "image",
          "assetId": "hquMbvB1b4W9",
          "checksum": "4423ce08fc7ae6052d2bf3dec0866def"
        },
        {
          "type": "image",
          "assetId": "Qj5imrjxucNN",
          "checksum": "c60626616786daa4c925718b05a530a9"
        },
        {
          "type": "image",
          "assetId": "O41xv2p0ccXs",
          "checksum": "643188e3e55a467f2484019251bcd5f9"
        },
        {
          "type": "image",
          "assetId": "CKiihrdOr-u4",
          "checksum": "909970818be800c48378a762341daaf2"
        },
        {
          "type": "image",
          "assetId": "lkFUWBxP-sjn",
          "checksum": "3438bec30c912896119e53e7d2e01d03"
        },
        {
          "type": "image",
          "assetId": "GrDQTEO5Yx6J",
          "checksum": "78d3c870ca35651e1bea4ea1666e7f14"
        },
        {
          "type": "image",
          "assetId": "kW2CPv-xG00Y",
          "checksum": "d4ae6b6bfbb36f8d586b1aef5d7e2d89"
        },
        {
          "type": "image",
          "assetId": "pVtr7XDSx7j5",
          "checksum": "ee250f091c35e2d6f4caf3ddd1c91f59"
        },
        {
          "type": "image",
          "assetId": "CcQEppbB4cqO",
          "checksum": "b15e5499b3ca17a544a4a0a47edca151"
        },
        {
          "type": "image",
          "assetId": "786fWwwpQjrh",
          "checksum": "f95ddf296420373d10f3954106736c7f"
        },
        {
          "type": "image",
          "assetId": "KnXfMHU7-fTc",
          "checksum": "2b61ef9cde6e106a6cf69b92e39ffc5e"
        },
        {
          "type": "image",
          "assetId": "Y_SOiWPtUzJP",
          "checksum": "da41a75254db7e9e892ad7ca5b1cfa5e"
        },
        {
          "type": "image",
          "assetId": "6mcK5nrObDuZ",
          "checksum": "c4ecd6a453becb20650492575b1e8562"
        },
        {
          "type": "image",
          "assetId": "R7cArUd-vssZ",
          "checksum": "b4e525c840369eb76f17fc4514de61fc"
        },
        {
          "type": "image",
          "assetId": "jxwGf9zT66Xu",
          "checksum": "168e0a12e33fe1aba0d301a6c9621027"
        },
        {
          "type": "image",
          "assetId": "69b3DlyECE-k",
          "checksum": "9d31c889874fc9a92b7de2092bb2e8dc"
        },
        {
          "type": "image",
          "assetId": "nUZEFyz4op2j",
          "checksum": "fa2e17cf2f47a669560fe832842b4b6b"
        },
        {
          "type": "image",
          "assetId": "yWidhfG71e-Y",
          "checksum": "31dd616eabf123a0348c006cdb85f61b"
        },
        {
          "type": "image",
          "assetId": "vujAMFD0rY5O",
          "checksum": "2d23de132f02ca4e16519b600a6c8838"
        },
        {
          "type": "image",
          "assetId": "f6D1chY_NHoD",
          "checksum": "8cb680387eececb91c804c2e07dad355"
        },
        {
          "type": "image",
          "assetId": "jF3qm0jMaook",
          "checksum": "2f94e123259fa74bf08deaac018d97ae"
        },
        {
          "type": "image",
          "assetId": "gjJOlsxBnsSE",
          "checksum": "d005dcd37093218d49b57c1bf0d46f16"
        },
        {
          "type": "image",
          "assetId": "mTLDHJj4LuxV",
          "checksum": "9aec07630d048ada7d4884cfc1d4fabd"
        },
        {
          "type": "image",
          "assetId": "fGrARaatL_oG",
          "checksum": "6df212ffa09be9e5121f0f410dcf4260"
        },
        {
          "type": "image",
          "assetId": "Pr6RU13QZ-GT",
          "checksum": "514a2fc2c60241e2e91cef08344187dc"
        },
        {
          "type": "image",
          "assetId": "j9XZoZMQutW0",
          "checksum": "e4f53130675e5cf979eed9282090bae3"
        },
        {
          "type": "image",
          "assetId": "BQtCWBpQLkNm",
          "checksum": "d7422a93db419f37666f30ed8480d8f4"
        },
        {
          "type": "image",
          "assetId": "MInrOpMe8xlY",
          "checksum": "b54b90ebcf4c7aa5ad6245d4055b8e25"
        },
        {
          "type": "image",
          "assetId": "ekEHQgdrv",
          "checksum": "3899777ff57dd1eb9107e7256df635e8"
        },
        {
          "type": "image",
          "assetId": "UjkHSTxYa",
          "checksum": "4ea9783674f92aaf78b198538679111d"
        },
        {
          "type": "image",
          "assetId": "aCu-G7SaV",
          "checksum": "6b81061a6eb2e4dbc00b842b6baa12f6"
        },
        {
          "type": "image",
          "assetId": "6Rqzy_Ef8",
          "checksum": "d5738faa5f5508b6cc8087044e14a6ab"
        },
        {
          "type": "image",
          "assetId": "XdSL4k-yx",
          "checksum": "5644b8464d1b3f0dfb7b206954414cbc"
        },
        {
          "type": "image",
          "assetId": "DxfsL25fY",
          "checksum": "20f55076c034bb481bd3250248bb965d"
        },
        {
          "type": "image",
          "assetId": "9ZzPQxtYM",
          "checksum": "7cdc96aa46f7e0bf6ae6ab4fcd3b121e"
        },
        {
          "type": "image",
          "assetId": "n2hKZG2P1",
          "checksum": "e24e288d1f5da0f3fa7f6f946ed9bab6"
        },
        {
          "type": "image",
          "assetId": "hJ_nefT19",
          "checksum": "46e7cc68e2d60d0532f81f72ede408dc"
        },
        {
          "type": "image",
          "assetId": "pfT0tJuCM",
          "checksum": "fefe8181a9a87ba9125e27d6ac2fdf40"
        },
        {
          "type": "image",
          "assetId": "FQxjipaPp",
          "checksum": "066d174a14aaf54a54af182bb5f02313"
        },
        {
          "type": "image",
          "assetId": "h95_RMTMO",
          "checksum": "7ef4bbf77bde08b9e2693e6ca2c2cd65"
        },
        {
          "type": "image",
          "assetId": "5WA8cIT_9",
          "checksum": "7fec4edced9d388f67769b57a50cf3a5"
        },
        {
          "type": "image",
          "assetId": "KamZSD676",
          "checksum": "55a8c246f4fa015fbf895eb643e146c4"
        },
        {
          "type": "image",
          "assetId": "EnZ1hYYPW",
          "checksum": "cda4659aa90ea577840c07d3a73bf9f0"
        },
        {
          "type": "image",
          "assetId": "afOpU15kG",
          "checksum": "a169362a4c5c645f4c19b4747c05edda"
        },
        {
          "type": "image",
          "assetId": "69opZPKyp",
          "checksum": "7a3f4ee59dbc328d1dda58ae884a2907"
        },
        {
          "type": "image",
          "assetId": "1Gbs7axXa",
          "checksum": "21bf91d797e07ed622f4b9b02312695c"
        },
        {
          "type": "image",
          "assetId": "St8ckC5b0",
          "checksum": "8ad733919241e44d8f58138c14421141"
        },
        {
          "type": "image",
          "assetId": "tmhh6Lb7_",
          "checksum": "a9fe472eb285e2e1735218b367b25b09"
        },
        {
          "type": "image",
          "assetId": "evphaGgXH",
          "checksum": "ae968feb910653875d5c6760164fc861"
        },
        {
          "type": "image",
          "assetId": "6G96CoPEB",
          "checksum": "fd69d40f9dba9daa1d13cdb4361ce32d"
        },
        {
          "type": "image",
          "assetId": "jus_3G7KV",
          "checksum": "4d064f9edd9eb8b9cd384d5c614f2d89"
        },
        {
          "type": "image",
          "assetId": "zhXG4wzU0",
          "checksum": "8659f2eb5eb2eef1268ca2933a568db3"
        },
        {
          "type": "image",
          "assetId": "VX3j27UiO",
          "checksum": "f60c9f7ed33cf1d276cdf4286a416280"
        },
        {
          "type": "image",
          "assetId": "OizzFmDdI",
          "checksum": "eff77124f4db09c4fcacf3fc8c3eabb4"
        },
        {
          "type": "image",
          "assetId": "yTMCLwRUE",
          "checksum": "3926c76970252d5b6d58545bceac1b44"
        },
        {
          "type": "image",
          "assetId": "G--piNa5N",
          "checksum": "53247904f6b9d0d8dc47d38af83291a5"
        },
        {
          "type": "image",
          "assetId": "JLDy1SyCV",
          "checksum": "5363d64d01030bab7711e365ccc7c784"
        },
        {
          "type": "image",
          "assetId": "ECGt0t4xC",
          "checksum": "5fc6046ee59dedbe8efd5fcf40d65764"
        },
        {
          "type": "image",
          "assetId": "ZLbu4pQmz",
          "checksum": "aa6d3b55c44a02a49cbdb1032852fbdc"
        },
        {
          "type": "image",
          "assetId": "kcds84Shb",
          "checksum": "65e6832c13b214121b934dae87df99c4"
        },
        {
          "type": "image",
          "assetId": "9K2pBrSGl",
          "checksum": "ca5861a73a276b1ebae253d688b35c30"
        },
        {
          "type": "image",
          "assetId": "_JJ5fBPr6",
          "checksum": "eb73aa2a4bf0bee2e1e35463fb19ef26"
        },
        {
          "type": "image",
          "assetId": "zC07YJEn3",
          "checksum": "6594f70021fed625318fd87417f0fa86"
        },
        {
          "type": "image",
          "assetId": "Hr_jLlpCM",
          "checksum": "7dbd027eb595af4cf618ac05b8ee435f"
        },
        {
          "type": "image",
          "assetId": "9XEp-87vI",
          "checksum": "68e201edc226d1d61d1187374bd9c595"
        },
        {
          "type": "image",
          "assetId": "blOrJgx34",
          "checksum": "585b1865a9be710b4c0f42a72b0b6e0a"
        }
      ],
      "codegenVersion": "0.0.1"
    }
  ],
  "cliVersion": "0.1.186"
}
